// !$*UTF8*$!
{
	archiveVersion = 1;
	classes = {
	};
	objectVersion = 48;
	objects = {

/* Begin PBXBuildFile section */
		A32125EC1FCD948F0019FADD /* AppDelegate.m in Sources */ = {isa = PBXBuildFile; fileRef = A32125EB1FCD948F0019FADD /* AppDelegate.m */; };
		A32125EF1FCD948F0019FADD /* ViewController.m in Sources */ = {isa = PBXBuildFile; fileRef = A32125EE1FCD948F0019FADD /* ViewController.m */; };
		A32125F21FCD948F0019FADD /* Main.storyboard in Resources */ = {isa = PBXBuildFile; fileRef = A32125F01FCD948F0019FADD /* Main.storyboard */; };
		A32125F41FCD948F0019FADD /* Assets.xcassets in Resources */ = {isa = PBXBuildFile; fileRef = A32125F31FCD948F0019FADD /* Assets.xcassets */; };
		A32125F71FCD948F0019FADD /* LaunchScreen.storyboard in Resources */ = {isa = PBXBuildFile; fileRef = A32125F51FCD948F0019FADD /* LaunchScreen.storyboard */; };
		A32125FA1FCD948F0019FADD /* main.m in Sources */ = {isa = PBXBuildFile; fileRef = A32125F91FCD948F0019FADD /* main.m */; };
		A32126041FCD948F0019FADD /* Conversor_de_MedidasTests.m in Sources */ = {isa = PBXBuildFile; fileRef = A32126031FCD948F0019FADD /* Conversor_de_MedidasTests.m */; };
		A321260F1FCD948F0019FADD /* Conversor_de_MedidasUITests.m in Sources */ = {isa = PBXBuildFile; fileRef = A321260E1FCD948F0019FADD /* Conversor_de_MedidasUITests.m */; };
/* End PBXBuildFile section */

/* Begin PBXContainerItemProxy section */
		A32126001FCD948F0019FADD /* PBXContainerItemProxy */ = {
			isa = PBXContainerItemProxy;
			containerPortal = A32125DF1FCD948F0019FADD /* Project object */;
			proxyType = 1;
			remoteGlobalIDString = A32125E61FCD948F0019FADD;
			remoteInfo = "Conversor de Medidas";
		};
		A321260B1FCD948F0019FADD /* PBXContainerItemProxy */ = {
			isa = PBXContainerItemProxy;
			containerPortal = A32125DF1FCD948F0019FADD /* Project object */;
			proxyType = 1;
			remoteGlobalIDString = A32125E61FCD948F0019FADD;
			remoteInfo = "Conversor de Medidas";
		};
/* End PBXContainerItemProxy section */

/* Begin PBXFileReference section */
		A32125E71FCD948F0019FADD /* Conversor de Medidas.app */ = {isa = PBXFileReference; explicitFileType = wrapper.application; includeInIndex = 0; path = "Conversor de Medidas.app"; sourceTree = BUILT_PRODUCTS_DIR; };
		A32125EA1FCD948F0019FADD /* AppDelegate.h */ = {isa = PBXFileReference; lastKnownFileType = sourcecode.c.h; path = AppDelegate.h; sourceTree = "<group>"; };
		A32125EB1FCD948F0019FADD /* AppDelegate.m */ = {isa = PBXFileReference; lastKnownFileType = sourcecode.c.objc; path = AppDelegate.m; sourceTree = "<group>"; };
		A32125ED1FCD948F0019FADD /* ViewController.h */ = {isa = PBXFileReference; lastKnownFileType = sourcecode.c.h; path = ViewController.h; sourceTree = "<group>"; };
		A32125EE1FCD948F0019FADD /* ViewController.m */ = {isa = PBXFileReference; lastKnownFileType = sourcecode.c.objc; path = ViewController.m; sourceTree = "<group>"; };
		A32125F11FCD948F0019FADD /* Base */ = {isa = PBXFileReference; lastKnownFileType = file.storyboard; name = Base; path = Base.lproj/Main.storyboard; sourceTree = "<group>"; };
		A32125F31FCD948F0019FADD /* Assets.xcassets */ = {isa = PBXFileReference; lastKnownFileType = folder.assetcatalog; path = Assets.xcassets; sourceTree = "<group>"; };
		A32125F61FCD948F0019FADD /* Base */ = {isa = PBXFileReference; lastKnownFileType = file.storyboard; name = Base; path = Base.lproj/LaunchScreen.storyboard; sourceTree = "<group>"; };
		A32125F81FCD948F0019FADD /* Info.plist */ = {isa = PBXFileReference; lastKnownFileType = text.plist.xml; path = Info.plist; sourceTree = "<group>"; };
		A32125F91FCD948F0019FADD /* main.m */ = {isa = PBXFileReference; lastKnownFileType = sourcecode.c.objc; path = main.m; sourceTree = "<group>"; };
		A32125FF1FCD948F0019FADD /* Conversor de MedidasTests.xctest */ = {isa = PBXFileReference; explicitFileType = wrapper.cfbundle; includeInIndex = 0; path = "Conversor de MedidasTests.xctest"; sourceTree = BUILT_PRODUCTS_DIR; };
		A32126031FCD948F0019FADD /* Conversor_de_MedidasTests.m */ = {isa = PBXFileReference; lastKnownFileType = sourcecode.c.objc; path = Conversor_de_MedidasTests.m; sourceTree = "<group>"; };
		A32126051FCD948F0019FADD /* Info.plist */ = {isa = PBXFileReference; lastKnownFileType = text.plist.xml; path = Info.plist; sourceTree = "<group>"; };
		A321260A1FCD948F0019FADD /* Conversor de MedidasUITests.xctest */ = {isa = PBXFileReference; explicitFileType = wrapper.cfbundle; includeInIndex = 0; path = "Conversor de MedidasUITests.xctest"; sourceTree = BUILT_PRODUCTS_DIR; };
		A321260E1FCD948F0019FADD /* Conversor_de_MedidasUITests.m */ = {isa = PBXFileReference; lastKnownFileType = sourcecode.c.objc; path = Conversor_de_MedidasUITests.m; sourceTree = "<group>"; };
		A32126101FCD948F0019FADD /* Info.plist */ = {isa = PBXFileReference; lastKnownFileType = text.plist.xml; path = Info.plist; sourceTree = "<group>"; };
/* End PBXFileReference section */

/* Begin PBXFrameworksBuildPhase section */
		A32125E41FCD948F0019FADD /* Frameworks */ = {
			isa = PBXFrameworksBuildPhase;
			buildActionMask = 2147483647;
			files = (
			);
			runOnlyForDeploymentPostprocessing = 0;
		};
		A32125FC1FCD948F0019FADD /* Frameworks */ = {
			isa = PBXFrameworksBuildPhase;
			buildActionMask = 2147483647;
			files = (
			);
			runOnlyForDeploymentPostprocessing = 0;
		};
		A32126071FCD948F0019FADD /* Frameworks */ = {
			isa = PBXFrameworksBuildPhase;
			buildActionMask = 2147483647;
			files = (
			);
			runOnlyForDeploymentPostprocessing = 0;
		};
/* End PBXFrameworksBuildPhase section */

/* Begin PBXGroup section */
		A32125DE1FCD948F0019FADD = {
			isa = PBXGroup;
			children = (
				A32125E91FCD948F0019FADD /* Conversor de Medidas */,
				A32126021FCD948F0019FADD /* Conversor de MedidasTests */,
				A321260D1FCD948F0019FADD /* Conversor de MedidasUITests */,
				A32125E81FCD948F0019FADD /* Products */,
			);
			sourceTree = "<group>";
		};
		A32125E81FCD948F0019FADD /* Products */ = {
			isa = PBXGroup;
			children = (
				A32125E71FCD948F0019FADD /* Conversor de Medidas.app */,
				A32125FF1FCD948F0019FADD /* Conversor de MedidasTests.xctest */,
				A321260A1FCD948F0019FADD /* Conversor de MedidasUITests.xctest */,
			);
			name = Products;
			sourceTree = "<group>";
		};
		A32125E91FCD948F0019FADD /* Conversor de Medidas */ = {
			isa = PBXGroup;
			children = (
				A32125EA1FCD948F0019FADD /* AppDelegate.h */,
				A32125EB1FCD948F0019FADD /* AppDelegate.m */,
				A32125ED1FCD948F0019FADD /* ViewController.h */,
				A32125EE1FCD948F0019FADD /* ViewController.m */,
				A32125F01FCD948F0019FADD /* Main.storyboard */,
				A32125F31FCD948F0019FADD /* Assets.xcassets */,
				A32125F51FCD948F0019FADD /* LaunchScreen.storyboard */,
				A32125F81FCD948F0019FADD /* Info.plist */,
				A32125F91FCD948F0019FADD /* main.m */,
			);
			path = "Conversor de Medidas";
			sourceTree = "<group>";
		};
		A32126021FCD948F0019FADD /* Conversor de MedidasTests */ = {
			isa = PBXGroup;
			children = (
				A32126031FCD948F0019FADD /* Conversor_de_MedidasTests.m */,
				A32126051FCD948F0019FADD /* Info.plist */,
			);
			path = "Conversor de MedidasTests";
			sourceTree = "<group>";
		};
		A321260D1FCD948F0019FADD /* Conversor de MedidasUITests */ = {
			isa = PBXGroup;
			children = (
				A321260E1FCD948F0019FADD /* Conversor_de_MedidasUITests.m */,
				A32126101FCD948F0019FADD /* Info.plist */,
			);
			path = "Conversor de MedidasUITests";
			sourceTree = "<group>";
		};
/* End PBXGroup section */

/* Begin PBXNativeTarget section */
		A32125E61FCD948F0019FADD /* Conversor de Medidas */ = {
			isa = PBXNativeTarget;
			buildConfigurationList = A32126131FCD948F0019FADD /* Build configuration list for PBXNativeTarget "Conversor de Medidas" */;
			buildPhases = (
				A32125E31FCD948F0019FADD /* Sources */,
				A32125E41FCD948F0019FADD /* Frameworks */,
				A32125E51FCD948F0019FADD /* Resources */,
			);
			buildRules = (
			);
			dependencies = (
			);
			name = "Conversor de Medidas";
			productName = "Conversor de Medidas";
			productReference = A32125E71FCD948F0019FADD /* Conversor de Medidas.app */;
			productType = "com.apple.product-type.application";
		};
		A32125FE1FCD948F0019FADD /* Conversor de MedidasTests */ = {
			isa = PBXNativeTarget;
			buildConfigurationList = A32126161FCD948F0019FADD /* Build configuration list for PBXNativeTarget "Conversor de MedidasTests" */;
			buildPhases = (
				A32125FB1FCD948F0019FADD /* Sources */,
				A32125FC1FCD948F0019FADD /* Frameworks */,
				A32125FD1FCD948F0019FADD /* Resources */,
			);
			buildRules = (
			);
			dependencies = (
				A32126011FCD948F0019FADD /* PBXTargetDependency */,
			);
			name = "Conversor de MedidasTests";
			productName = "Conversor de MedidasTests";
			productReference = A32125FF1FCD948F0019FADD /* Conversor de MedidasTests.xctest */;
			productType = "com.apple.product-type.bundle.unit-test";
		};
		A32126091FCD948F0019FADD /* Conversor de MedidasUITests */ = {
			isa = PBXNativeTarget;
			buildConfigurationList = A32126191FCD948F0019FADD /* Build configuration list for PBXNativeTarget "Conversor de MedidasUITests" */;
			buildPhases = (
				A32126061FCD948F0019FADD /* Sources */,
				A32126071FCD948F0019FADD /* Frameworks */,
				A32126081FCD948F0019FADD /* Resources */,
			);
			buildRules = (
			);
			dependencies = (
				A321260C1FCD948F0019FADD /* PBXTargetDependency */,
			);
			name = "Conversor de MedidasUITests";
			productName = "Conversor de MedidasUITests";
			productReference = A321260A1FCD948F0019FADD /* Conversor de MedidasUITests.xctest */;
			productType = "com.apple.product-type.bundle.ui-testing";
		};
/* End PBXNativeTarget section */

/* Begin PBXProject section */
		A32125DF1FCD948F0019FADD /* Project object */ = {
			isa = PBXProject;
			attributes = {
				LastUpgradeCheck = 0910;
				ORGANIZATIONNAME = "Eduardo de la Cruz";
				TargetAttributes = {
					A32125E61FCD948F0019FADD = {
						CreatedOnToolsVersion = 9.1;
						ProvisioningStyle = Automatic;
					};
					A32125FE1FCD948F0019FADD = {
						CreatedOnToolsVersion = 9.1;
						ProvisioningStyle = Automatic;
						TestTargetID = A32125E61FCD948F0019FADD;
					};
					A32126091FCD948F0019FADD = {
						CreatedOnToolsVersion = 9.1;
						ProvisioningStyle = Automatic;
						TestTargetID = A32125E61FCD948F0019FADD;
					};
				};
			};
			buildConfigurationList = A32125E21FCD948F0019FADD /* Build configuration list for PBXProject "Conversor de Medidas" */;
			compatibilityVersion = "Xcode 8.0";
			developmentRegion = en;
			hasScannedForEncodings = 0;
			knownRegions = (
				en,
				Base,
			);
			mainGroup = A32125DE1FCD948F0019FADD;
			productRefGroup = A32125E81FCD948F0019FADD /* Products */;
			projectDirPath = "";
			projectRoot = "";
			targets = (
				A32125E61FCD948F0019FADD /* Conversor de Medidas */,
				A32125FE1FCD948F0019FADD /* Conversor de MedidasTests */,
				A32126091FCD948F0019FADD /* Conversor de MedidasUITests */,
			);
		};
/* End PBXProject section */

/* Begin PBXResourcesBuildPhase section */
		A32125E51FCD948F0019FADD /* Resources */ = {
			isa = PBXResourcesBuildPhase;
			buildActionMask = 2147483647;
			files = (
				A32125F71FCD948F0019FADD /* LaunchScreen.storyboard in Resources */,
				A32125F41FCD948F0019FADD /* Assets.xcassets in Resources */,
				A32125F21FCD948F0019FADD /* Main.storyboard in Resources */,
			);
			runOnlyForDeploymentPostprocessing = 0;
		};
		A32125FD1FCD948F0019FADD /* Resources */ = {
			isa = PBXResourcesBuildPhase;
			buildActionMask = 2147483647;
			files = (
			);
			runOnlyForDeploymentPostprocessing = 0;
		};
		A32126081FCD948F0019FADD /* Resources */ = {
			isa = PBXResourcesBuildPhase;
			buildActionMask = 2147483647;
			files = (
			);
			runOnlyForDeploymentPostprocessing = 0;
		};
/* End PBXResourcesBuildPhase section */

/* Begin PBXSourcesBuildPhase section */
		A32125E31FCD948F0019FADD /* Sources */ = {
			isa = PBXSourcesBuildPhase;
			buildActionMask = 2147483647;
			files = (
				A32125EF1FCD948F0019FADD /* ViewController.m in Sources */,
				A32125FA1FCD948F0019FADD /* main.m in Sources */,
				A32125EC1FCD948F0019FADD /* AppDelegate.m in Sources */,
			);
			runOnlyForDeploymentPostprocessing = 0;
		};
		A32125FB1FCD948F0019FADD /* Sources */ = {
			isa = PBXSourcesBuildPhase;
			buildActionMask = 2147483647;
			files = (
				A32126041FCD948F0019FADD /* Conversor_de_MedidasTests.m in Sources */,
			);
			runOnlyForDeploymentPostprocessing = 0;
		};
		A32126061FCD948F0019FADD /* Sources */ = {
			isa = PBXSourcesBuildPhase;
			buildActionMask = 2147483647;
			files = (
				A321260F1FCD948F0019FADD /* Conversor_de_MedidasUITests.m in Sources */,
			);
			runOnlyForDeploymentPostprocessing = 0;
		};
/* End PBXSourcesBuildPhase section */

/* Begin PBXTargetDependency section */
		A32126011FCD948F0019FADD /* PBXTargetDependency */ = {
			isa = PBXTargetDependency;
			target = A32125E61FCD948F0019FADD /* Conversor de Medidas */;
			targetProxy = A32126001FCD948F0019FADD /* PBXContainerItemProxy */;
		};
		A321260C1FCD948F0019FADD /* PBXTargetDependency */ = {
			isa = PBXTargetDependency;
			target = A32125E61FCD948F0019FADD /* Conversor de Medidas */;
			targetProxy = A321260B1FCD948F0019FADD /* PBXContainerItemProxy */;
		};
/* End PBXTargetDependency section */

/* Begin PBXVariantGroup section */
		A32125F01FCD948F0019FADD /* Main.storyboard */ = {
			isa = PBXVariantGroup;
			children = (
				A32125F11FCD948F0019FADD /* Base */,
			);
			name = Main.storyboard;
			sourceTree = "<group>";
		};
		A32125F51FCD948F0019FADD /* LaunchScreen.storyboard */ = {
			isa = PBXVariantGroup;
			children = (
				A32125F61FCD948F0019FADD /* Base */,
			);
			name = LaunchScreen.storyboard;
			sourceTree = "<group>";
		};
/* End PBXVariantGroup section */

/* Begin XCBuildConfiguration section */
		A32126111FCD948F0019FADD /* Debug */ = {
			isa = XCBuildConfiguration;
			buildSettings = {
				ALWAYS_SEARCH_USER_PATHS = NO;
				CLANG_ANALYZER_NONNULL = YES;
				CLANG_ANALYZER_NUMBER_OBJECT_CONVERSION = YES_AGGRESSIVE;
				CLANG_CXX_LANGUAGE_STANDARD = "gnu++14";
				CLANG_CXX_LIBRARY = "libc++";
				CLANG_ENABLE_MODULES = YES;
				CLANG_ENABLE_OBJC_ARC = YES;
				CLANG_WARN_BLOCK_CAPTURE_AUTORELEASING = YES;
				CLANG_WARN_BOOL_CONVERSION = YES;
				CLANG_WARN_COMMA = YES;
				CLANG_WARN_CONSTANT_CONVERSION = YES;
				CLANG_WARN_DIRECT_OBJC_ISA_USAGE = YES_ERROR;
				CLANG_WARN_DOCUMENTATION_COMMENTS = YES;
				CLANG_WARN_EMPTY_BODY = YES;
				CLANG_WARN_ENUM_CONVERSION = YES;
				CLANG_WARN_INFINITE_RECURSION = YES;
				CLANG_WARN_INT_CONVERSION = YES;
				CLANG_WARN_NON_LITERAL_NULL_CONVERSION = YES;
				CLANG_WARN_OBJC_LITERAL_CONVERSION = YES;
				CLANG_WARN_OBJC_ROOT_CLASS = YES_ERROR;
				CLANG_WARN_RANGE_LOOP_ANALYSIS = YES;
				CLANG_WARN_STRICT_PROTOTYPES = YES;
				CLANG_WARN_SUSPICIOUS_MOVE = YES;
				CLANG_WARN_UNGUARDED_AVAILABILITY = YES_AGGRESSIVE;
				CLANG_WARN_UNREACHABLE_CODE = YES;
				CLANG_WARN__DUPLICATE_METHOD_MATCH = YES;
				CODE_SIGN_IDENTITY = "iPhone Developer";
				COPY_PHASE_STRIP = NO;
				DEBUG_INFORMATION_FORMAT = dwarf;
				ENABLE_STRICT_OBJC_MSGSEND = YES;
				ENABLE_TESTABILITY = YES;
				GCC_C_LANGUAGE_STANDARD = gnu11;
				GCC_DYNAMIC_NO_PIC = NO;
				GCC_NO_COMMON_BLOCKS = YES;
				GCC_OPTIMIZATION_LEVEL = 0;
				GCC_PREPROCESSOR_DEFINITIONS = (
					"DEBUG=1",
					"$(inherited)",
				);
				GCC_WARN_64_TO_32_BIT_CONVERSION = YES;
				GCC_WARN_ABOUT_RETURN_TYPE = YES_ERROR;
				GCC_WARN_UNDECLARED_SELECTOR = YES;
				GCC_WARN_UNINITIALIZED_AUTOS = YES_AGGRESSIVE;
				GCC_WARN_UNUSED_FUNCTION = YES;
				GCC_WARN_UNUSED_VARIABLE = YES;
				IPHONEOS_DEPLOYMENT_TARGET = 11.1;
				MTL_ENABLE_DEBUG_INFO = YES;
				ONLY_ACTIVE_ARCH = YES;
				SDKROOT = iphoneos;
			};
			name = Debug;
		};
		A32126121FCD948F0019FADD /* Release */ = {
			isa = XCBuildConfiguration;
			buildSettings = {
				ALWAYS_SEARCH_USER_PATHS = NO;
				CLANG_ANALYZER_NONNULL = YES;
				CLANG_ANALYZER_NUMBER_OBJECT_CONVERSION = YES_AGGRESSIVE;
				CLANG_CXX_LANGUAGE_STANDARD = "gnu++14";
				CLANG_CXX_LIBRARY = "libc++";
				CLANG_ENABLE_MODULES = YES;
				CLANG_ENABLE_OBJC_ARC = YES;
				CLANG_WARN_BLOCK_CAPTURE_AUTORELEASING = YES;
				CLANG_WARN_BOOL_CONVERSION = YES;
				CLANG_WARN_COMMA = YES;
				CLANG_WARN_CONSTANT_CONVERSION = YES;
				CLANG_WARN_DIRECT_OBJC_ISA_USAGE = YES_ERROR;
				CLANG_WARN_DOCUMENTATION_COMMENTS = YES;
				CLANG_WARN_EMPTY_BODY = YES;
				CLANG_WARN_ENUM_CONVERSION = YES;
				CLANG_WARN_INFINITE_RECURSION = YES;
				CLANG_WARN_INT_CONVERSION = YES;
				CLANG_WARN_NON_LITERAL_NULL_CONVERSION = YES;
				CLANG_WARN_OBJC_LITERAL_CONVERSION = YES;
				CLANG_WARN_OBJC_ROOT_CLASS = YES_ERROR;
				CLANG_WARN_RANGE_LOOP_ANALYSIS = YES;
				CLANG_WARN_STRICT_PROTOTYPES = YES;
				CLANG_WARN_SUSPICIOUS_MOVE = YES;
				CLANG_WARN_UNGUARDED_AVAILABILITY = YES_AGGRESSIVE;
				CLANG_WARN_UNREACHABLE_CODE = YES;
				CLANG_WARN__DUPLICATE_METHOD_MATCH = YES;
				CODE_SIGN_IDENTITY = "iPhone Developer";
				COPY_PHASE_STRIP = NO;
				DEBUG_INFORMATION_FORMAT = "dwarf-with-dsym";
				ENABLE_NS_ASSERTIONS = NO;
				ENABLE_STRICT_OBJC_MSGSEND = YES;
				GCC_C_LANGUAGE_STANDARD = gnu11;
				GCC_NO_COMMON_BLOCKS = YES;
				GCC_WARN_64_TO_32_BIT_CONVERSION = YES;
				GCC_WARN_ABOUT_RETURN_TYPE = YES_ERROR;
				GCC_WARN_UNDECLARED_SELECTOR = YES;
				GCC_WARN_UNINITIALIZED_AUTOS = YES_AGGRESSIVE;
				GCC_WARN_UNUSED_FUNCTION = YES;
				GCC_WARN_UNUSED_VARIABLE = YES;
				IPHONEOS_DEPLOYMENT_TARGET = 11.1;
				MTL_ENABLE_DEBUG_INFO = NO;
				SDKROOT = iphoneos;
				VALIDATE_PRODUCT = YES;
			};
			name = Release;
		};
		A32126141FCD948F0019FADD /* Debug */ = {
			isa = XCBuildConfiguration;
			buildSettings = {
				ASSETCATALOG_COMPILER_APPICON_NAME = AppIcon;
				CODE_SIGN_STYLE = Automatic;
				DEVELOPMENT_TEAM = 273FZ5G5B8;
				INFOPLIST_FILE = "Conversor de Medidas/Info.plist";
				LD_RUNPATH_SEARCH_PATHS = "$(inherited) @executable_path/Frameworks";
				PRODUCT_BUNDLE_IDENTIFIER = "com.edelacruz.Conversor-de-Medidas";
				PRODUCT_NAME = "$(TARGET_NAME)";
				TARGETED_DEVICE_FAMILY = "1,2";
			};
			name = Debug;
		};
		A32126151FCD948F0019FADD /* Release */ = {
			isa = XCBuildConfiguration;
			buildSettings = {
				ASSETCATALOG_COMPILER_APPICON_NAME = AppIcon;
				CODE_SIGN_STYLE = Automatic;
				DEVELOPMENT_TEAM = 273FZ5G5B8;
				INFOPLIST_FILE = "Conversor de Medidas/Info.plist";
				LD_RUNPATH_SEARCH_PATHS = "$(inherited) @executable_path/Frameworks";
				PRODUCT_BUNDLE_IDENTIFIER = "com.edelacruz.Conversor-de-Medidas";
				PRODUCT_NAME = "$(TARGET_NAME)";
				TARGETED_DEVICE_FAMILY = "1,2";
			};
			name = Release;
		};
		A32126171FCD948F0019FADD /* Debug */ = {
			isa = XCBuildConfiguration;
			buildSettings = {
				BUNDLE_LOADER = "$(TEST_HOST)";
				CODE_SIGN_STYLE = Automatic;
				DEVELOPMENT_TEAM = 273FZ5G5B8;
				INFOPLIST_FILE = "Conversor de MedidasTests/Info.plist";
				LD_RUNPATH_SEARCH_PATHS = "$(inherited) @executable_path/Frameworks @loader_path/Frameworks";
				PRODUCT_BUNDLE_IDENTIFIER = "com.edelacruz.Conversor-de-MedidasTests";
				PRODUCT_NAME = "$(TARGET_NAME)";
				TARGETED_DEVICE_FAMILY = "1,2";
				TEST_HOST = "$(BUILT_PRODUCTS_DIR)/Conversor de Medidas.app/Conversor de Medidas";
			};
			name = Debug;
		};
		A32126181FCD948F0019FADD /* Release */ = {
			isa = XCBuildConfiguration;
			buildSettings = {
				BUNDLE_LOADER = "$(TEST_HOST)";
				CODE_SIGN_STYLE = Automatic;
				DEVELOPMENT_TEAM = 273FZ5G5B8;
				INFOPLIST_FILE = "Conversor de MedidasTests/Info.plist";
				LD_RUNPATH_SEARCH_PATHS = "$(inherited) @executable_path/Frameworks @loader_path/Frameworks";
				PRODUCT_BUNDLE_IDENTIFIER = "com.edelacruz.Conversor-de-MedidasTests";
				PRODUCT_NAME = "$(TARGET_NAME)";
				TARGETED_DEVICE_FAMILY = "1,2";
				TEST_HOST = "$(BUILT_PRODUCTS_DIR)/Conversor de Medidas.app/Conversor de Medidas";
			};
			name = Release;
		};
		A321261A1FCD948F0019FADD /* Debug */ = {
			isa = XCBuildConfiguration;
			buildSettings = {
				CODE_SIGN_STYLE = Automatic;
				DEVELOPMENT_TEAM = 273FZ5G5B8;
				INFOPLIST_FILE = "Conversor de MedidasUITests/Info.plist";
				LD_RUNPATH_SEARCH_PATHS = "$(inherited) @executable_path/Frameworks @loader_path/Frameworks";
				PRODUCT_BUNDLE_IDENTIFIER = "com.edelacruz.Conversor-de-MedidasUITests";
				PRODUCT_NAME = "$(TARGET_NAME)";
				TARGETED_DEVICE_FAMILY = "1,2";
				TEST_TARGET_NAME = "Conversor de Medidas";
			};
			name = Debug;
		};
		A321261B1FCD948F0019FADD /* Release */ = {
			isa = XCBuildConfiguration;
			buildSettings = {
				CODE_SIGN_STYLE = Automatic;
				DEVELOPMENT_TEAM = 273FZ5G5B8;
				INFOPLIST_FILE = "Conversor de MedidasUITests/Info.plist";
				LD_RUNPATH_SEARCH_PATHS = "$(inherited) @executable_path/Frameworks @loader_path/Frameworks";
				PRODUCT_BUNDLE_IDENTIFIER = "com.edelacruz.Conversor-de-MedidasUITests";
				PRODUCT_NAME = "$(TARGET_NAME)";
				TARGETED_DEVICE_FAMILY = "1,2";
				TEST_TARGET_NAME = "Conversor de Medidas";
			};
			name = Release;
		};
/* End XCBuildConfiguration section */

/* Begin XCConfigurationList section */
		A32125E21FCD948F0019FADD /* Build configuration list for PBXProject "Conversor de Medidas" */ = {
			isa = XCConfigurationList;
			buildConfigurations = (
				A32126111FCD948F0019FADD /* Debug */,
				A32126121FCD948F0019FADD /* Release */,
			);
			defaultConfigurationIsVisible = 0;
			defaultConfigurationName = Release;
		};
		A32126131FCD948F0019FADD /* Build configuration list for PBXNativeTarget "Conversor de Medidas" */ = {
			isa = XCConfigurationList;
			buildConfigurations = (
				A32126141FCD948F0019FADD /* Debug */,
				A32126151FCD948F0019FADD /* Release */,
			);
			defaultConfigurationIsVisible = 0;
			defaultConfigurationName = Release;
		};
		A32126161FCD948F0019FADD /* Build configuration list for PBXNativeTarget "Conversor de MedidasTests" */ = {
			isa = XCConfigurationList;
			buildConfigurations = (
				A32126171FCD948F0019FADD /* Debug */,
				A32126181FCD948F0019FADD /* Release */,
			);
			defaultConfigurationIsVisible = 0;
			defaultConfigurationName = Release;
		};
		A32126191FCD948F0019FADD /* Build configuration list for PBXNativeTarget "Conversor de MedidasUITests" */ = {
			isa = XCConfigurationList;
			buildConfigurations = (
				A321261A1FCD948F0019FADD /* Debug */,
				A321261B1FCD948F0019FADD /* Release */,
			);
			defaultConfigurationIsVisible = 0;
			defaultConfigurationName = Release;
		};
/* End XCConfigurationList section */
	};
	rootObject = A32125DF1FCD948F0019FADD /* Project object */;
}
